
Microsoft Visual Studio Solution File, Format Version 12.00
# Visual Studio Version 17
VisualStudioVersion = 17.11.35222.181
MinimumVisualStudioVersion = 10.0.40219.1
Project("{9A19103F-16F7-4668-BE54-9A1E7A4F7556}") = "PrimeSearch", "PrimeSearch\PrimeSearch.csproj", "{E54A02E3-ED17-41DE-AF4A-6B63E7A5DD9A}"
EndProject
Project("{9A19103F-16F7-4668-BE54-9A1E7A4F7556}") = "SieveOfEratosthenes", "SieveOfEratosthenes\SieveOfEratosthenes.csproj", "{E8E4494B-E8EB-45D8-B177-231C4CB24CC9}"
EndProject
Project("{9A19103F-16F7-4668-BE54-9A1E7A4F7556}") = "PascalsTriangle", "PascalsTriangle\PascalsTriangle.csproj", "{A53583E9-3354-4ACE-86D7-6D1E47FE2BF6}"
EndProject
Project("{FAE04EC0-301F-11D3-BF4B-00C04F79EFBC}") = "SumNumbersInString", "SumNumbersInString\SumNumbersInString.csproj", "{CF666197-85FD-46C2-8548-1C13481E951B}"
EndProject
Project("{FAE04EC0-301F-11D3-BF4B-00C04F79EFBC}") = "BaseConverter", "BaseConverter\BaseConverter.csproj", "{56601FC4-03B3-4415-B8FA-B8077849FC9A}"
EndProject
Global
	GlobalSection(SolutionConfigurationPlatforms) = preSolution
		Debug|Any CPU = Debug|Any CPU
		Release|Any CPU = Release|Any CPU
	EndGlobalSection
	GlobalSection(ProjectConfigurationPlatforms) = postSolution
		{E54A02E3-ED17-41DE-AF4A-6B63E7A5DD9A}.Debug|Any CPU.ActiveCfg = Debug|Any CPU
		{E54A02E3-ED17-41DE-AF4A-6B63E7A5DD9A}.Debug|Any CPU.Build.0 = Debug|Any CPU
		{E54A02E3-ED17-41DE-AF4A-6B63E7A5DD9A}.Release|Any CPU.ActiveCfg = Release|Any CPU
		{E54A02E3-ED17-41DE-AF4A-6B63E7A5DD9A}.Release|Any CPU.Build.0 = Release|Any CPU
		{E8E4494B-E8EB-45D8-B177-231C4CB24CC9}.Debug|Any CPU.ActiveCfg = Debug|Any CPU
		{E8E4494B-E8EB-45D8-B177-231C4CB24CC9}.Debug|Any CPU.Build.0 = Debug|Any CPU
		{E8E4494B-E8EB-45D8-B177-231C4CB24CC9}.Release|Any CPU.ActiveCfg = Release|Any CPU
		{E8E4494B-E8EB-45D8-B177-231C4CB24CC9}.Release|Any CPU.Build.0 = Release|Any CPU
		{A53583E9-3354-4ACE-86D7-6D1E47FE2BF6}.Debug|Any CPU.ActiveCfg = Debug|Any CPU
		{A53583E9-3354-4ACE-86D7-6D1E47FE2BF6}.Debug|Any CPU.Build.0 = Debug|Any CPU
		{A53583E9-3354-4ACE-86D7-6D1E47FE2BF6}.Release|Any CPU.ActiveCfg = Release|Any CPU
		{A53583E9-3354-4ACE-86D7-6D1E47FE2BF6}.Release|Any CPU.Build.0 = Release|Any CPU
		{CF666197-85FD-46C2-8548-1C13481E951B}.Debug|Any CPU.ActiveCfg = Debug|Any CPU
		{CF666197-85FD-46C2-8548-1C13481E951B}.Debug|Any CPU.Build.0 = Debug|Any CPU
		{CF666197-85FD-46C2-8548-1C13481E951B}.Release|Any CPU.ActiveCfg = Release|Any CPU
		{CF666197-85FD-46C2-8548-1C13481E951B}.Release|Any CPU.Build.0 = Release|Any CPU
		{56601FC4-03B3-4415-B8FA-B8077849FC9A}.Debug|Any CPU.ActiveCfg = Debug|Any CPU
		{56601FC4-03B3-4415-B8FA-B8077849FC9A}.Debug|Any CPU.Build.0 = Debug|Any CPU
		{56601FC4-03B3-4415-B8FA-B8077849FC9A}.Release|Any CPU.ActiveCfg = Release|Any CPU
		{56601FC4-03B3-4415-B8FA-B8077849FC9A}.Release|Any CPU.Build.0 = Release|Any CPU
	EndGlobalSection
	GlobalSection(SolutionProperties) = preSolution
		HideSolutionNode = FALSE
	EndGlobalSection
	GlobalSection(ExtensibilityGlobals) = postSolution
		SolutionGuid = {140A91EF-E14D-43DD-9961-EC7C1C80439A}
	EndGlobalSection
EndGlobal
