
Microsoft Visual Studio Solution File, Format Version 12.00
# Visual Studio Version 17
VisualStudioVersion = 17.11.35222.181
MinimumVisualStudioVersion = 10.0.40219.1
Project("{FAE04EC0-301F-11D3-BF4B-00C04F79EFBC}") = "DependencyInjectionIntro", "DependencyInjectionIntro\DependencyInjectionIntro.csproj", "{FD98667E-5F2E-426E-B585-881553D72E94}"
EndProject
Global
	GlobalSection(SolutionConfigurationPlatforms) = preSolution
		Debug|Any CPU = Debug|Any CPU
		Release|Any CPU = Release|Any CPU
	EndGlobalSection
	GlobalSection(ProjectConfigurationPlatforms) = postSolution
		{FD98667E-5F2E-426E-B585-881553D72E94}.Debug|Any CPU.ActiveCfg = Debug|Any CPU
		{FD98667E-5F2E-426E-B585-881553D72E94}.Debug|Any CPU.Build.0 = Debug|Any CPU
		{FD98667E-5F2E-426E-B585-881553D72E94}.Release|Any CPU.ActiveCfg = Release|Any CPU
		{FD98667E-5F2E-426E-B585-881553D72E94}.Release|Any CPU.Build.0 = Release|Any CPU
	EndGlobalSection
	GlobalSection(SolutionProperties) = preSolution
		HideSolutionNode = FALSE
	EndGlobalSection
	GlobalSection(ExtensibilityGlobals) = postSolution
		SolutionGuid = {D0CABCAE-34B0-4618-AECB-7D753FEE7D5D}
	EndGlobalSection
EndGlobal
