
Microsoft Visual Studio Solution File, Format Version 12.00
# Visual Studio Version 17
VisualStudioVersion = 17.11.35222.181
MinimumVisualStudioVersion = 10.0.40219.1
Project("{FAE04EC0-301F-11D3-BF4B-00C04F79EFBC}") = "DemoMusic", "DemoMusic\DemoMusic.csproj", "{80E94D27-B862-42E3-A8E1-87043BDEC48D}"
EndProject
Global
	GlobalSection(SolutionConfigurationPlatforms) = preSolution
		Debug|Any CPU = Debug|Any CPU
		Release|Any CPU = Release|Any CPU
	EndGlobalSection
	GlobalSection(ProjectConfigurationPlatforms) = postSolution
		{80E94D27-B862-42E3-A8E1-87043BDEC48D}.Debug|Any CPU.ActiveCfg = Debug|Any CPU
		{80E94D27-B862-42E3-A8E1-87043BDEC48D}.Debug|Any CPU.Build.0 = Debug|Any CPU
		{80E94D27-B862-42E3-A8E1-87043BDEC48D}.Release|Any CPU.ActiveCfg = Release|Any CPU
		{80E94D27-B862-42E3-A8E1-87043BDEC48D}.Release|Any CPU.Build.0 = Release|Any CPU
	EndGlobalSection
	GlobalSection(SolutionProperties) = preSolution
		HideSolutionNode = FALSE
	EndGlobalSection
	GlobalSection(ExtensibilityGlobals) = postSolution
		SolutionGuid = {DCC0FE66-C470-4A88-B075-6F12EAC4FAA4}
	EndGlobalSection
EndGlobal
