
Microsoft Visual Studio Solution File, Format Version 12.00
# Visual Studio Version 17
VisualStudioVersion = 17.11.35222.181
MinimumVisualStudioVersion = 10.0.40219.1
Project("{FAE04EC0-301F-11D3-BF4B-00C04F79EFBC}") = "SimpleCRUD", "SimpleCRUD.csproj", "{CB8CB0AB-DD9C-47F2-A1A3-6DB63487F621}"
EndProject
Global
	GlobalSection(SolutionConfigurationPlatforms) = preSolution
		Debug|Any CPU = Debug|Any CPU
		Release|Any CPU = Release|Any CPU
	EndGlobalSection
	GlobalSection(ProjectConfigurationPlatforms) = postSolution
		{CB8CB0AB-DD9C-47F2-A1A3-6DB63487F621}.Debug|Any CPU.ActiveCfg = Debug|Any CPU
		{CB8CB0AB-DD9C-47F2-A1A3-6DB63487F621}.Debug|Any CPU.Build.0 = Debug|Any CPU
		{CB8CB0AB-DD9C-47F2-A1A3-6DB63487F621}.Release|Any CPU.ActiveCfg = Release|Any CPU
		{CB8CB0AB-DD9C-47F2-A1A3-6DB63487F621}.Release|Any CPU.Build.0 = Release|Any CPU
	EndGlobalSection
	GlobalSection(SolutionProperties) = preSolution
		HideSolutionNode = FALSE
	EndGlobalSection
	GlobalSection(ExtensibilityGlobals) = postSolution
		SolutionGuid = {02CBCD2C-E5DC-4BF6-9D0C-479629E7A34E}
	EndGlobalSection
EndGlobal
